Microsoft Visual Studio Solution File, Format Version 12.00
# Visual Studio 2012
Project("{FAE04EC0-301F-11D3-BF4B-00C04F79EFBC}") = "Action RPG", "Action RPG.csproj", "{FC11363C-ED10-47DE-8EDB-C47037CFA18F}"
EndProject
Global
	GlobalSection(SolutionConfigurationPlatforms) = preSolution
	Debug|Any CPU = Debug|Any CPU
	Release|Any CPU = Release|Any CPU
	Tools|Any CPU = Tools|Any CPU
	EndGlobalSection
	GlobalSection(ProjectConfigurationPlatforms) = postSolution
		{FC11363C-ED10-47DE-8EDB-C47037CFA18F}.Debug|Any CPU.ActiveCfg = Debug|Any CPU
		{FC11363C-ED10-47DE-8EDB-C47037CFA18F}.Debug|Any CPU.Build.0 = Debug|Any CPU
		{FC11363C-ED10-47DE-8EDB-C47037CFA18F}.Release|Any CPU.ActiveCfg = Release|Any CPU
		{FC11363C-ED10-47DE-8EDB-C47037CFA18F}.Release|Any CPU.Build.0 = Release|Any CPU
		{FC11363C-ED10-47DE-8EDB-C47037CFA18F}.Tools|Any CPU.ActiveCfg = Tools|Any CPU
		{FC11363C-ED10-47DE-8EDB-C47037CFA18F}.Tools|Any CPU.Build.0 = Tools|Any CPU
	EndGlobalSection
EndGlobal
